
Microsoft Visual Studio Solution File, Format Version 12.00
# Visual Studio 2013
VisualStudioVersion = 12.0.21005.1
MinimumVisualStudioVersion = 10.0.40219.1
Project("{8BC9CEB8-8B4A-11D0-8D11-00A0C91BC942}") = "Open Ini", "Open Ini.vcxproj", "{B331E1EB-C42C-4923-A1D3-8E21A4D67279}"
EndProject
Global
	GlobalSection(SolutionConfigurationPlatforms) = preSolution
		Debug|Win32 = Debug|Win32
		Release|Win32 = Release|Win32
	EndGlobalSection
	GlobalSection(ProjectConfigurationPlatforms) = postSolution
		{B331E1EB-C42C-4923-A1D3-8E21A4D67279}.Debug|Win32.ActiveCfg = Debug|Win32
		{B331E1EB-C42C-4923-A1D3-8E21A4D67279}.Debug|Win32.Build.0 = Debug|Win32
		{B331E1EB-C42C-4923-A1D3-8E21A4D67279}.Release|Win32.ActiveCfg = Release|Win32
		{B331E1EB-C42C-4923-A1D3-8E21A4D67279}.Release|Win32.Build.0 = Release|Win32
	EndGlobalSection
	GlobalSection(SolutionProperties) = preSolution
		HideSolutionNode = FALSE
	EndGlobalSection
EndGlobal
